{
  "object": {
    "pins": [
      {
        "package": "ConnectorProtocol",
        "repositoryURL": "https://github.com/katoemba/connectorprotocol.git",
        "state": {
          "branch": null,
          "revision": "44c83ac96980f4e021d034c94beb39dd9587bac5",
          "version": "1.8.1"
        }
      },
      {
        "package": "libmpdclient",
        "repositoryURL": "https://github.com/katoemba/libmpdclient-swift.git",
        "state": {
          "branch": null,
          "revision": "e11a5ab3090b5cd1071dfa6b004e7de29c9c184d",
          "version": "2.19.0"
        }
      },
      {
        "package": "RxNetService",
        "repositoryURL": "https://github.com/katoemba/rxnetservice.git",
        "state": {
          "branch": null,
          "revision": "4298820ea9914d5cef82173cf93c576dd47eeaa7",
          "version": "0.2.3"
        }
      },
      {
        "package": "RxSwift",
        "repositoryURL": "https://github.com/ReactiveX/RxSwift.git",
        "state": {
          "branch": null,
          "revision": "7e01c05f25c025143073eaa3be3532f9375c614b",
          "version": "6.1.0"
        }
      },
      {
        "package": "RxSwiftExt",
        "repositoryURL": "https://github.com/RxSwiftCommunity/RxSwiftExt.git",
        "state": {
          "branch": null,
          "revision": "89ebf7d143f4343d11767b86717efa61be0984e7",
          "version": "6.0.0"
        }
      },
      {
        "package": "SWXMLHash",
        "repositoryURL": "https://github.com/drmohundro/SWXMLHash.git",
        "state": {
          "branch": null,
          "revision": "a4931e5c3bafbedeb1601d3bb76bbe835c6d475a",
          "version": "5.0.1"
        }
      }
    ]
  },
  "version": 1
}
