{
  "object": {
    "pins": [
      {
        "package": "ConnectorProtocol",
        "repositoryURL": "https://github.com/katoemba/connectorprotocol.git",
        "state": {
          "branch": null,
          "revision": "09e4c8eb312ca0bb6cb77d08ba3d494eae946bdf",
          "version": "1.8.0"
        }
      },
      {
        "package": "libmpdclient",
        "repositoryURL": "https://github.com/katoemba/libmpdclient-swift.git",
        "state": {
          "branch": null,
          "revision": "e11a5ab3090b5cd1071dfa6b004e7de29c9c184d",
          "version": "2.19.0"
        }
      },
      {
        "package": "RxNetService",
        "repositoryURL": "https://github.com/katoemba/rxnetservice.git",
        "state": {
          "branch": null,
          "revision": "e615dcaef5ffd055951ab14a90d7e90fe9a29d46",
          "version": "0.2.2"
        }
      },
      {
        "package": "RxSwift",
        "repositoryURL": "https://github.com/ReactiveX/RxSwift.git",
        "state": {
          "branch": null,
          "revision": "002d325b0bdee94e7882e1114af5ff4fe1e96afa",
          "version": "5.1.1"
        }
      },
      {
        "package": "RxSwiftExt",
        "repositoryURL": "https://github.com/RxSwiftCommunity/RxSwiftExt.git",
        "state": {
          "branch": null,
          "revision": "9620cd55a58c1cf3370375140c45379c40049f55",
          "version": "5.2.0"
        }
      },
      {
        "package": "SWXMLHash",
        "repositoryURL": "https://github.com/drmohundro/SWXMLHash.git",
        "state": {
          "branch": null,
          "revision": "a4931e5c3bafbedeb1601d3bb76bbe835c6d475a",
          "version": "5.0.1"
        }
      }
    ]
  },
  "version": 1
}
