{
  "object": {
    "pins": [
      {
        "package": "ConnectorProtocol",
        "repositoryURL": "https://github.com/katoemba/connectorprotocol.git",
        "state": {
          "branch": null,
          "revision": "abcbe069394867004dda917c918df1ec41e82384",
          "version": "1.8.3"
        }
      },
      {
        "package": "libmpdclient",
        "repositoryURL": "https://github.com/katoemba/libmpdclient-swift.git",
        "state": {
          "branch": null,
          "revision": "e11a5ab3090b5cd1071dfa6b004e7de29c9c184d",
          "version": "2.19.0"
        }
      },
      {
        "package": "RxNetService",
        "repositoryURL": "https://github.com/katoemba/rxnetservice.git",
        "state": {
          "branch": null,
          "revision": "1c9298e859ef0a79d6304bed3ca8a195e6a53dd0",
          "version": "0.2.4"
        }
      },
      {
        "package": "RxSwift",
        "repositoryURL": "https://github.com/ReactiveX/RxSwift.git",
        "state": {
          "branch": null,
          "revision": "7e01c05f25c025143073eaa3be3532f9375c614b",
          "version": "6.1.0"
        }
      },
      {
        "package": "RxSwiftExt",
        "repositoryURL": "https://github.com/RxSwiftCommunity/RxSwiftExt.git",
        "state": {
          "branch": null,
          "revision": "827bd11853983383b708feaf7da95c560982b2b8",
          "version": "6.0.1"
        }
      },
      {
        "package": "SWXMLHash",
        "repositoryURL": "https://github.com/drmohundro/SWXMLHash.git",
        "state": {
          "branch": null,
          "revision": "9183170d20857753d4f331b0ca63f73c60764bf3",
          "version": "5.0.2"
        }
      }
    ]
  },
  "version": 1
}
