// !$*UTF8*$!
{
	archiveVersion = 1;
	classes = {
	};
	objectVersion = 52;
	objects = {

/* Begin PBXBuildFile section */
		0723B6C659107F196E8F19A7 /* Pods_MPDConnectorTests.framework in Frameworks */ = {isa = PBXBuildFile; fileRef = B669CC2955694C3B62603CCE /* Pods_MPDConnectorTests.framework */; };
		2888ADB7A617890773BC1D3D /* Pods_MPDConnector_MacOS.framework in Frameworks */ = {isa = PBXBuildFile; fileRef = 97100CCD8849A7762F0655EF /* Pods_MPDConnector_MacOS.framework */; };
		7B0C4A1FE1E4025BA52FF306 /* Pods_MPDConnector_tvOS.framework in Frameworks */ = {isa = PBXBuildFile; fileRef = 62A245B138BF0F64B427F38B /* Pods_MPDConnector_tvOS.framework */; };
		C546AF9F1F35EE5D003C5B7E /* MPDPlayer.swift in Sources */ = {isa = PBXBuildFile; fileRef = C546AF9E1F35EE5D003C5B7E /* MPDPlayer.swift */; };
		C546B0791F3742F8003C5B7E /* ConnectorProtocol.framework in Frameworks */ = {isa = PBXBuildFile; fileRef = C546B0781F37406B003C5B7E /* ConnectorProtocol.framework */; };
		C546B15D1F37AAA9003C5B7E /* MPDConnector_MacOS.h in Headers */ = {isa = PBXBuildFile; fileRef = C546B15B1F37AAA9003C5B7E /* MPDConnector_MacOS.h */; settings = {ATTRIBUTES = (Public, ); }; };
		C546B1BE1F37AB32003C5B7E /* MPDPlayer.swift in Sources */ = {isa = PBXBuildFile; fileRef = C546AF9E1F35EE5D003C5B7E /* MPDPlayer.swift */; };
		C546B1ED1F37AFF9003C5B7E /* MPDConnector_tvOS.h in Headers */ = {isa = PBXBuildFile; fileRef = C546B1EB1F37AFF9003C5B7E /* MPDConnector_tvOS.h */; settings = {ATTRIBUTES = (Public, ); }; };
		C546B1F11F37B103003C5B7E /* MPDPlayer.swift in Sources */ = {isa = PBXBuildFile; fileRef = C546AF9E1F35EE5D003C5B7E /* MPDPlayer.swift */; };
		C546B2501F3843C0003C5B7E /* MPDConnector_iOS.h in Headers */ = {isa = PBXBuildFile; fileRef = C546B24E1F3843C0003C5B7E /* MPDConnector_iOS.h */; };
		C546B26E1F3B0305003C5B7E /* MPDProtocol.swift in Sources */ = {isa = PBXBuildFile; fileRef = C546B26D1F3B0305003C5B7E /* MPDProtocol.swift */; };
		C546B2731F3B042A003C5B7E /* MPDWrapper.swift in Sources */ = {isa = PBXBuildFile; fileRef = C546B2721F3B042A003C5B7E /* MPDWrapper.swift */; };
		C546B2861F3B6CCB003C5B7E /* MPDWrapperMock.swift in Sources */ = {isa = PBXBuildFile; fileRef = C546B2851F3B6CCB003C5B7E /* MPDWrapperMock.swift */; };
		C546B2BD1F3C34BE003C5B7E /* MockBase.swift in Sources */ = {isa = PBXBuildFile; fileRef = C546B2BC1F3C34BE003C5B7E /* MockBase.swift */; };
		C548EF411FFCDCC500FBE535 /* MPDStatus.swift in Sources */ = {isa = PBXBuildFile; fileRef = C548EF401FFCDCC500FBE535 /* MPDStatus.swift */; };
		C548EF431FFCE21900FBE535 /* MPDHelper.swift in Sources */ = {isa = PBXBuildFile; fileRef = C548EF421FFCE21900FBE535 /* MPDHelper.swift */; };
		C548EF451FFE22A700FBE535 /* MPDHelperTests.swift in Sources */ = {isa = PBXBuildFile; fileRef = C548EF441FFE22A700FBE535 /* MPDHelperTests.swift */; };
		C548EF4D1FFE352800FBE535 /* MPDPlayerTests.swift in Sources */ = {isa = PBXBuildFile; fileRef = C546B27A1F3B0A8E003C5B7E /* MPDPlayerTests.swift */; };
		C548EF4F1FFE36A200FBE535 /* MPDStatusTests.swift in Sources */ = {isa = PBXBuildFile; fileRef = C548EF4E1FFE36A200FBE535 /* MPDStatusTests.swift */; };
		C54AFF80204BF5B300CCAE3B /* MPDPlaylistBrowseViewModel.swift in Sources */ = {isa = PBXBuildFile; fileRef = C54AFF7F204BF5B300CCAE3B /* MPDPlaylistBrowseViewModel.swift */; };
		C54AFF92204C585600CCAE3B /* MPDSongBrowseViewModel.swift in Sources */ = {isa = PBXBuildFile; fileRef = C54AFF91204C585600CCAE3B /* MPDSongBrowseViewModel.swift */; };
		C554CB391F7AD2B800B83403 /* MPDPlayerBrowser.swift in Sources */ = {isa = PBXBuildFile; fileRef = C554CB381F7AD2B800B83403 /* MPDPlayerBrowser.swift */; };
		C55D1CB32061934700ACAC86 /* MPDGenreBrowseViewModel.swift in Sources */ = {isa = PBXBuildFile; fileRef = C55D1CB22061934700ACAC86 /* MPDGenreBrowseViewModel.swift */; };
		C578C47C23B6217500AEA897 /* libmpdclient in Frameworks */ = {isa = PBXBuildFile; productRef = C578C47B23B6217500AEA897 /* libmpdclient */; };
		C585B3661F519A5D00D7B784 /* MPDControl.swift in Sources */ = {isa = PBXBuildFile; fileRef = C585B3651F519A5D00D7B784 /* MPDControl.swift */; };
		C5883B45203CA8FF002CE8CF /* MPDAlbumBrowseViewModel.swift in Sources */ = {isa = PBXBuildFile; fileRef = C5883B44203CA8FF002CE8CF /* MPDAlbumBrowseViewModel.swift */; };
		C5944E8020167C8500C5F9AA /* MPDControlTests.swift in Sources */ = {isa = PBXBuildFile; fileRef = C585B36B1F51BB4E00D7B784 /* MPDControlTests.swift */; };
		C5B7CD96203772E600C087ED /* MPDBrowseTests.swift in Sources */ = {isa = PBXBuildFile; fileRef = C5B7CD95203772E600C087ED /* MPDBrowseTests.swift */; };
		C5C6830D21F1097100D2F8E7 /* MPDAlbumSectionBrowseViewModel.swift in Sources */ = {isa = PBXBuildFile; fileRef = C5C6830C21F1097100D2F8E7 /* MPDAlbumSectionBrowseViewModel.swift */; };
		C5C6CB5923B5FF3800767B41 /* libmpdclient in Frameworks */ = {isa = PBXBuildFile; productRef = C5C6CB5823B5FF3800767B41 /* libmpdclient */; };
		C5C9F7F82042B6B900D239A8 /* MPDArtistBrowseViewModel.swift in Sources */ = {isa = PBXBuildFile; fileRef = C5C9F7F72042B6B900D239A8 /* MPDArtistBrowseViewModel.swift */; };
		C5F569451F7FC7CA00D53500 /* MPDBrowse.swift in Sources */ = {isa = PBXBuildFile; fileRef = C5F569441F7FC7CA00D53500 /* MPDBrowse.swift */; };
		C5FEE8E72098EC25001A811A /* MPDFolderBrowseViewModel.swift in Sources */ = {isa = PBXBuildFile; fileRef = C5FEE8E62098EC25001A811A /* MPDFolderBrowseViewModel.swift */; };
		E33103277332C0A6CFEB11F1 /* Pods_MPDConnector_iOS.framework in Frameworks */ = {isa = PBXBuildFile; fileRef = F1F00FD9EDAEE8079D73143C /* Pods_MPDConnector_iOS.framework */; };
/* End PBXBuildFile section */

/* Begin PBXContainerItemProxy section */
		C546B0771F37406B003C5B7E /* PBXContainerItemProxy */ = {
			isa = PBXContainerItemProxy;
			containerPortal = C546B0731F37406B003C5B7E /* ConnectorProtocol.xcodeproj */;
			proxyType = 2;
			remoteGlobalIDString = C546AF7B1F35A8E6003C5B7E;
			remoteInfo = ConnectorProtocol;
		};
		C546B15F1F37AAA9003C5B7E /* PBXContainerItemProxy */ = {
			isa = PBXContainerItemProxy;
			containerPortal = C546B0731F37406B003C5B7E /* ConnectorProtocol.xcodeproj */;
			proxyType = 2;
			remoteGlobalIDString = C546B1401F37A3A2003C5B7E;
			remoteInfo = ConnectorProtocol_MacOS;
		};
		C546B1E21F37AFE0003C5B7E /* PBXContainerItemProxy */ = {
			isa = PBXContainerItemProxy;
			containerPortal = C546B0731F37406B003C5B7E /* ConnectorProtocol.xcodeproj */;
			proxyType = 2;
			remoteGlobalIDString = C546B1D21F37AD8C003C5B7E;
			remoteInfo = ConnectorProtocol_tvOS;
		};
		C546B2701F3B0306003C5B7E /* PBXContainerItemProxy */ = {
			isa = PBXContainerItemProxy;
			containerPortal = C546B0731F37406B003C5B7E /* ConnectorProtocol.xcodeproj */;
			proxyType = 2;
			remoteGlobalIDString = C546B2621F39B730003C5B7E;
			remoteInfo = ConnectorProtocolTests;
		};
		C546B27E1F3B0A8E003C5B7E /* PBXContainerItemProxy */ = {
			isa = PBXContainerItemProxy;
			containerPortal = C546AF331F35A824003C5B7E /* Project object */;
			proxyType = 1;
			remoteGlobalIDString = C546AF3B1F35A824003C5B7E;
			remoteInfo = MPDConnector_iOS;
		};
/* End PBXContainerItemProxy section */

/* Begin PBXFileReference section */
		0409112EE6242F4BC7359D6B /* Pods-MPDConnector_iOS.debug.xcconfig */ = {isa = PBXFileReference; includeInIndex = 1; lastKnownFileType = text.xcconfig; name = "Pods-MPDConnector_iOS.debug.xcconfig"; path = "../Pods/Target Support Files/Pods-MPDConnector_iOS/Pods-MPDConnector_iOS.debug.xcconfig"; sourceTree = "<group>"; };
		38A616B865D53B50E4E0C963 /* Pods-MPDConnector_tvOS.release.xcconfig */ = {isa = PBXFileReference; includeInIndex = 1; lastKnownFileType = text.xcconfig; name = "Pods-MPDConnector_tvOS.release.xcconfig"; path = "../Pods/Target Support Files/Pods-MPDConnector_tvOS/Pods-MPDConnector_tvOS.release.xcconfig"; sourceTree = "<group>"; };
		62A245B138BF0F64B427F38B /* Pods_MPDConnector_tvOS.framework */ = {isa = PBXFileReference; explicitFileType = wrapper.framework; includeInIndex = 0; path = Pods_MPDConnector_tvOS.framework; sourceTree = BUILT_PRODUCTS_DIR; };
		6E7C3B0B04EC7A52583DE00E /* Pods-MPDConnector_iOS.release.xcconfig */ = {isa = PBXFileReference; includeInIndex = 1; lastKnownFileType = text.xcconfig; name = "Pods-MPDConnector_iOS.release.xcconfig"; path = "../Pods/Target Support Files/Pods-MPDConnector_iOS/Pods-MPDConnector_iOS.release.xcconfig"; sourceTree = "<group>"; };
		90887A1A9319A04665C9863B /* Pods-MPDConnectorTests.debug.xcconfig */ = {isa = PBXFileReference; includeInIndex = 1; lastKnownFileType = text.xcconfig; name = "Pods-MPDConnectorTests.debug.xcconfig"; path = "../Pods/Target Support Files/Pods-MPDConnectorTests/Pods-MPDConnectorTests.debug.xcconfig"; sourceTree = "<group>"; };
		97100CCD8849A7762F0655EF /* Pods_MPDConnector_MacOS.framework */ = {isa = PBXFileReference; explicitFileType = wrapper.framework; includeInIndex = 0; path = Pods_MPDConnector_MacOS.framework; sourceTree = BUILT_PRODUCTS_DIR; };
		B669CC2955694C3B62603CCE /* Pods_MPDConnectorTests.framework */ = {isa = PBXFileReference; explicitFileType = wrapper.framework; includeInIndex = 0; path = Pods_MPDConnectorTests.framework; sourceTree = BUILT_PRODUCTS_DIR; };
		B998B96EBFCB040EB2B230E7 /* Pods-MPDConnector_MacOS.debug.xcconfig */ = {isa = PBXFileReference; includeInIndex = 1; lastKnownFileType = text.xcconfig; name = "Pods-MPDConnector_MacOS.debug.xcconfig"; path = "../Pods/Target Support Files/Pods-MPDConnector_MacOS/Pods-MPDConnector_MacOS.debug.xcconfig"; sourceTree = "<group>"; };
		BA20A4973F3D35D38F4AECF2 /* Pods-MPDConnectorTests.release.xcconfig */ = {isa = PBXFileReference; includeInIndex = 1; lastKnownFileType = text.xcconfig; name = "Pods-MPDConnectorTests.release.xcconfig"; path = "../Pods/Target Support Files/Pods-MPDConnectorTests/Pods-MPDConnectorTests.release.xcconfig"; sourceTree = "<group>"; };
		C546AF9E1F35EE5D003C5B7E /* MPDPlayer.swift */ = {isa = PBXFileReference; fileEncoding = 4; lastKnownFileType = sourcecode.swift; path = MPDPlayer.swift; sourceTree = "<group>"; };
		C546B0731F37406B003C5B7E /* ConnectorProtocol.xcodeproj */ = {isa = PBXFileReference; lastKnownFileType = "wrapper.pb-project"; name = ConnectorProtocol.xcodeproj; path = ../ConnectorProtocol/ConnectorProtocol.xcodeproj; sourceTree = "<group>"; };
		C546B15B1F37AAA9003C5B7E /* MPDConnector_MacOS.h */ = {isa = PBXFileReference; lastKnownFileType = sourcecode.c.h; path = MPDConnector_MacOS.h; sourceTree = "<group>"; };
		C546B15C1F37AAA9003C5B7E /* Info.plist */ = {isa = PBXFileReference; lastKnownFileType = text.plist.xml; path = Info.plist; sourceTree = "<group>"; };
		C546B1EB1F37AFF9003C5B7E /* MPDConnector_tvOS.h */ = {isa = PBXFileReference; lastKnownFileType = sourcecode.c.h; path = MPDConnector_tvOS.h; sourceTree = "<group>"; };
		C546B1EC1F37AFF9003C5B7E /* Info.plist */ = {isa = PBXFileReference; lastKnownFileType = text.plist.xml; path = Info.plist; sourceTree = "<group>"; };
		C546B24D1F3843C0003C5B7E /* Info.plist */ = {isa = PBXFileReference; fileEncoding = 4; lastKnownFileType = text.plist.xml; path = Info.plist; sourceTree = "<group>"; };
		C546B24E1F3843C0003C5B7E /* MPDConnector_iOS.h */ = {isa = PBXFileReference; fileEncoding = 4; lastKnownFileType = sourcecode.c.h; path = MPDConnector_iOS.h; sourceTree = "<group>"; };
		C546B26D1F3B0305003C5B7E /* MPDProtocol.swift */ = {isa = PBXFileReference; fileEncoding = 4; lastKnownFileType = sourcecode.swift; path = MPDProtocol.swift; sourceTree = "<group>"; };
		C546B2721F3B042A003C5B7E /* MPDWrapper.swift */ = {isa = PBXFileReference; fileEncoding = 4; lastKnownFileType = sourcecode.swift; path = MPDWrapper.swift; sourceTree = "<group>"; };
		C546B27A1F3B0A8E003C5B7E /* MPDPlayerTests.swift */ = {isa = PBXFileReference; lastKnownFileType = sourcecode.swift; path = MPDPlayerTests.swift; sourceTree = "<group>"; };
		C546B27C1F3B0A8E003C5B7E /* Info.plist */ = {isa = PBXFileReference; lastKnownFileType = text.plist.xml; path = Info.plist; sourceTree = "<group>"; };
		C546B2851F3B6CCB003C5B7E /* MPDWrapperMock.swift */ = {isa = PBXFileReference; fileEncoding = 4; lastKnownFileType = sourcecode.swift; path = MPDWrapperMock.swift; sourceTree = "<group>"; };
		C546B2BC1F3C34BE003C5B7E /* MockBase.swift */ = {isa = PBXFileReference; fileEncoding = 4; lastKnownFileType = sourcecode.swift; path = MockBase.swift; sourceTree = "<group>"; };
		C548EF401FFCDCC500FBE535 /* MPDStatus.swift */ = {isa = PBXFileReference; lastKnownFileType = sourcecode.swift; path = MPDStatus.swift; sourceTree = "<group>"; };
		C548EF421FFCE21900FBE535 /* MPDHelper.swift */ = {isa = PBXFileReference; lastKnownFileType = sourcecode.swift; path = MPDHelper.swift; sourceTree = "<group>"; };
		C548EF441FFE22A700FBE535 /* MPDHelperTests.swift */ = {isa = PBXFileReference; lastKnownFileType = sourcecode.swift; path = MPDHelperTests.swift; sourceTree = "<group>"; };
		C548EF4E1FFE36A200FBE535 /* MPDStatusTests.swift */ = {isa = PBXFileReference; lastKnownFileType = sourcecode.swift; path = MPDStatusTests.swift; sourceTree = "<group>"; };
		C54AFF7F204BF5B300CCAE3B /* MPDPlaylistBrowseViewModel.swift */ = {isa = PBXFileReference; lastKnownFileType = sourcecode.swift; path = MPDPlaylistBrowseViewModel.swift; sourceTree = "<group>"; };
		C54AFF91204C585600CCAE3B /* MPDSongBrowseViewModel.swift */ = {isa = PBXFileReference; lastKnownFileType = sourcecode.swift; path = MPDSongBrowseViewModel.swift; sourceTree = "<group>"; };
		C554CB381F7AD2B800B83403 /* MPDPlayerBrowser.swift */ = {isa = PBXFileReference; lastKnownFileType = sourcecode.swift; path = MPDPlayerBrowser.swift; sourceTree = "<group>"; };
		C55D1CB22061934700ACAC86 /* MPDGenreBrowseViewModel.swift */ = {isa = PBXFileReference; lastKnownFileType = sourcecode.swift; path = MPDGenreBrowseViewModel.swift; sourceTree = "<group>"; };
		C585B3651F519A5D00D7B784 /* MPDControl.swift */ = {isa = PBXFileReference; fileEncoding = 4; lastKnownFileType = sourcecode.swift; path = MPDControl.swift; sourceTree = "<group>"; };
		C585B36B1F51BB4E00D7B784 /* MPDControlTests.swift */ = {isa = PBXFileReference; fileEncoding = 4; lastKnownFileType = sourcecode.swift; path = MPDControlTests.swift; sourceTree = "<group>"; };
		C5883B44203CA8FF002CE8CF /* MPDAlbumBrowseViewModel.swift */ = {isa = PBXFileReference; lastKnownFileType = sourcecode.swift; path = MPDAlbumBrowseViewModel.swift; sourceTree = "<group>"; };
		C5B7CD95203772E600C087ED /* MPDBrowseTests.swift */ = {isa = PBXFileReference; lastKnownFileType = sourcecode.swift; path = MPDBrowseTests.swift; sourceTree = "<group>"; };
		C5C6830C21F1097100D2F8E7 /* MPDAlbumSectionBrowseViewModel.swift */ = {isa = PBXFileReference; lastKnownFileType = sourcecode.swift; path = MPDAlbumSectionBrowseViewModel.swift; sourceTree = "<group>"; };
		C5C6CB4A23B5F0DD00767B41 /* MPDConnector.framework */ = {isa = PBXFileReference; explicitFileType = wrapper.framework; includeInIndex = 0; path = MPDConnector.framework; sourceTree = BUILT_PRODUCTS_DIR; };
		C5C6CB4B23B5F0DD00767B41 /* MPDConnector.framework */ = {isa = PBXFileReference; explicitFileType = wrapper.framework; includeInIndex = 0; path = MPDConnector.framework; sourceTree = BUILT_PRODUCTS_DIR; };
		C5C6CB4C23B5F0DD00767B41 /* MPDConnector.framework */ = {isa = PBXFileReference; explicitFileType = wrapper.framework; includeInIndex = 0; path = MPDConnector.framework; sourceTree = BUILT_PRODUCTS_DIR; };
		C5C6CB4D23B5F0DD00767B41 /* MPDConnectorTests.xctest */ = {isa = PBXFileReference; explicitFileType = wrapper.cfbundle; includeInIndex = 0; path = MPDConnectorTests.xctest; sourceTree = BUILT_PRODUCTS_DIR; };
		C5C9F7F72042B6B900D239A8 /* MPDArtistBrowseViewModel.swift */ = {isa = PBXFileReference; lastKnownFileType = sourcecode.swift; path = MPDArtistBrowseViewModel.swift; sourceTree = "<group>"; };
		C5F569441F7FC7CA00D53500 /* MPDBrowse.swift */ = {isa = PBXFileReference; lastKnownFileType = sourcecode.swift; path = MPDBrowse.swift; sourceTree = "<group>"; };
		C5FEE8E62098EC25001A811A /* MPDFolderBrowseViewModel.swift */ = {isa = PBXFileReference; lastKnownFileType = sourcecode.swift; path = MPDFolderBrowseViewModel.swift; sourceTree = "<group>"; };
		C7EBF2A40657AFA03D86BD74 /* Pods-MPDConnector_MacOS.release.xcconfig */ = {isa = PBXFileReference; includeInIndex = 1; lastKnownFileType = text.xcconfig; name = "Pods-MPDConnector_MacOS.release.xcconfig"; path = "../Pods/Target Support Files/Pods-MPDConnector_MacOS/Pods-MPDConnector_MacOS.release.xcconfig"; sourceTree = "<group>"; };
		F1F00FD9EDAEE8079D73143C /* Pods_MPDConnector_iOS.framework */ = {isa = PBXFileReference; explicitFileType = wrapper.framework; includeInIndex = 0; path = Pods_MPDConnector_iOS.framework; sourceTree = BUILT_PRODUCTS_DIR; };
		FC8E36039F8211E29E843D2B /* Pods-MPDConnector_tvOS.debug.xcconfig */ = {isa = PBXFileReference; includeInIndex = 1; lastKnownFileType = text.xcconfig; name = "Pods-MPDConnector_tvOS.debug.xcconfig"; path = "../Pods/Target Support Files/Pods-MPDConnector_tvOS/Pods-MPDConnector_tvOS.debug.xcconfig"; sourceTree = "<group>"; };
/* End PBXFileReference section */

/* Begin PBXFrameworksBuildPhase section */
		C546AF381F35A824003C5B7E /* Frameworks */ = {
			isa = PBXFrameworksBuildPhase;
			buildActionMask = 2147483647;
			files = (
				C546B0791F3742F8003C5B7E /* ConnectorProtocol.framework in Frameworks */,
				E33103277332C0A6CFEB11F1 /* Pods_MPDConnector_iOS.framework in Frameworks */,
				C5C6CB5923B5FF3800767B41 /* libmpdclient in Frameworks */,
			);
			runOnlyForDeploymentPostprocessing = 0;
		};
		C546B1551F37AAA9003C5B7E /* Frameworks */ = {
			isa = PBXFrameworksBuildPhase;
			buildActionMask = 2147483647;
			files = (
				2888ADB7A617890773BC1D3D /* Pods_MPDConnector_MacOS.framework in Frameworks */,
			);
			runOnlyForDeploymentPostprocessing = 0;
		};
		C546B1E51F37AFF9003C5B7E /* Frameworks */ = {
			isa = PBXFrameworksBuildPhase;
			buildActionMask = 2147483647;
			files = (
				7B0C4A1FE1E4025BA52FF306 /* Pods_MPDConnector_tvOS.framework in Frameworks */,
			);
			runOnlyForDeploymentPostprocessing = 0;
		};
		C546B2751F3B0A8E003C5B7E /* Frameworks */ = {
			isa = PBXFrameworksBuildPhase;
			buildActionMask = 2147483647;
			files = (
				0723B6C659107F196E8F19A7 /* Pods_MPDConnectorTests.framework in Frameworks */,
				C578C47C23B6217500AEA897 /* libmpdclient in Frameworks */,
			);
			runOnlyForDeploymentPostprocessing = 0;
		};
/* End PBXFrameworksBuildPhase section */

/* Begin PBXGroup section */
		C546AF321F35A824003C5B7E = {
			isa = PBXGroup;
			children = (
				C546B0731F37406B003C5B7E /* ConnectorProtocol.xcodeproj */,
				C546AF3E1F35A824003C5B7E /* MPDConnector */,
				C546B24C1F3843C0003C5B7E /* MPDConnector_iOS */,
				C546B15A1F37AAA9003C5B7E /* MPDConnector_MacOS */,
				C546B1EA1F37AFF9003C5B7E /* MPDConnector_tvOS */,
				C546B2791F3B0A8E003C5B7E /* MPDConnectorTests */,
				C546B07A1F3742F8003C5B7E /* Frameworks */,
				C5A0383A6A503E33A32154C9 /* Pods */,
				C5C6CB4A23B5F0DD00767B41 /* MPDConnector.framework */,
				C5C6CB4B23B5F0DD00767B41 /* MPDConnector.framework */,
				C5C6CB4C23B5F0DD00767B41 /* MPDConnector.framework */,
				C5C6CB4D23B5F0DD00767B41 /* MPDConnectorTests.xctest */,
			);
			sourceTree = "<group>";
		};
		C546AF3E1F35A824003C5B7E /* MPDConnector */ = {
			isa = PBXGroup;
			children = (
				C548EF421FFCE21900FBE535 /* MPDHelper.swift */,
				C546AF9E1F35EE5D003C5B7E /* MPDPlayer.swift */,
				C548EF401FFCDCC500FBE535 /* MPDStatus.swift */,
				C585B3651F519A5D00D7B784 /* MPDControl.swift */,
				C5F569441F7FC7CA00D53500 /* MPDBrowse.swift */,
				C5883B44203CA8FF002CE8CF /* MPDAlbumBrowseViewModel.swift */,
				C5C6830C21F1097100D2F8E7 /* MPDAlbumSectionBrowseViewModel.swift */,
				C5C9F7F72042B6B900D239A8 /* MPDArtistBrowseViewModel.swift */,
				C54AFF7F204BF5B300CCAE3B /* MPDPlaylistBrowseViewModel.swift */,
				C54AFF91204C585600CCAE3B /* MPDSongBrowseViewModel.swift */,
				C55D1CB22061934700ACAC86 /* MPDGenreBrowseViewModel.swift */,
				C5FEE8E62098EC25001A811A /* MPDFolderBrowseViewModel.swift */,
				C546B26D1F3B0305003C5B7E /* MPDProtocol.swift */,
				C546B2721F3B042A003C5B7E /* MPDWrapper.swift */,
				C554CB381F7AD2B800B83403 /* MPDPlayerBrowser.swift */,
			);
			path = MPDConnector;
			sourceTree = "<group>";
		};
		C546B0741F37406B003C5B7E /* Products */ = {
			isa = PBXGroup;
			children = (
				C546B0781F37406B003C5B7E /* ConnectorProtocol.framework */,
				C546B1601F37AAA9003C5B7E /* ConnectorProtocol.framework */,
				C546B1E31F37AFE0003C5B7E /* ConnectorProtocol.framework */,
				C546B2711F3B0306003C5B7E /* ConnectorProtocolTests.xctest */,
			);
			name = Products;
			sourceTree = "<group>";
		};
		C546B07A1F3742F8003C5B7E /* Frameworks */ = {
			isa = PBXGroup;
			children = (
				97100CCD8849A7762F0655EF /* Pods_MPDConnector_MacOS.framework */,
				F1F00FD9EDAEE8079D73143C /* Pods_MPDConnector_iOS.framework */,
				62A245B138BF0F64B427F38B /* Pods_MPDConnector_tvOS.framework */,
				B669CC2955694C3B62603CCE /* Pods_MPDConnectorTests.framework */,
			);
			name = Frameworks;
			sourceTree = "<group>";
		};
		C546B15A1F37AAA9003C5B7E /* MPDConnector_MacOS */ = {
			isa = PBXGroup;
			children = (
				C546B15B1F37AAA9003C5B7E /* MPDConnector_MacOS.h */,
				C546B15C1F37AAA9003C5B7E /* Info.plist */,
			);
			path = MPDConnector_MacOS;
			sourceTree = "<group>";
		};
		C546B1EA1F37AFF9003C5B7E /* MPDConnector_tvOS */ = {
			isa = PBXGroup;
			children = (
				C546B1EB1F37AFF9003C5B7E /* MPDConnector_tvOS.h */,
				C546B1EC1F37AFF9003C5B7E /* Info.plist */,
			);
			path = MPDConnector_tvOS;
			sourceTree = "<group>";
		};
		C546B24C1F3843C0003C5B7E /* MPDConnector_iOS */ = {
			isa = PBXGroup;
			children = (
				C546B24E1F3843C0003C5B7E /* MPDConnector_iOS.h */,
				C546B24D1F3843C0003C5B7E /* Info.plist */,
			);
			path = MPDConnector_iOS;
			sourceTree = "<group>";
		};
		C546B2791F3B0A8E003C5B7E /* MPDConnectorTests */ = {
			isa = PBXGroup;
			children = (
				C548EF441FFE22A700FBE535 /* MPDHelperTests.swift */,
				C546B27A1F3B0A8E003C5B7E /* MPDPlayerTests.swift */,
				C548EF4E1FFE36A200FBE535 /* MPDStatusTests.swift */,
				C5B7CD95203772E600C087ED /* MPDBrowseTests.swift */,
				C585B36B1F51BB4E00D7B784 /* MPDControlTests.swift */,
				C546B2BC1F3C34BE003C5B7E /* MockBase.swift */,
				C546B2851F3B6CCB003C5B7E /* MPDWrapperMock.swift */,
				C546B27C1F3B0A8E003C5B7E /* Info.plist */,
			);
			path = MPDConnectorTests;
			sourceTree = "<group>";
		};
		C5A0383A6A503E33A32154C9 /* Pods */ = {
			isa = PBXGroup;
			children = (
				B998B96EBFCB040EB2B230E7 /* Pods-MPDConnector_MacOS.debug.xcconfig */,
				C7EBF2A40657AFA03D86BD74 /* Pods-MPDConnector_MacOS.release.xcconfig */,
				0409112EE6242F4BC7359D6B /* Pods-MPDConnector_iOS.debug.xcconfig */,
				6E7C3B0B04EC7A52583DE00E /* Pods-MPDConnector_iOS.release.xcconfig */,
				FC8E36039F8211E29E843D2B /* Pods-MPDConnector_tvOS.debug.xcconfig */,
				38A616B865D53B50E4E0C963 /* Pods-MPDConnector_tvOS.release.xcconfig */,
				90887A1A9319A04665C9863B /* Pods-MPDConnectorTests.debug.xcconfig */,
				BA20A4973F3D35D38F4AECF2 /* Pods-MPDConnectorTests.release.xcconfig */,
			);
			name = Pods;
			sourceTree = "<group>";
		};
/* End PBXGroup section */

/* Begin PBXHeadersBuildPhase section */
		C546AF391F35A824003C5B7E /* Headers */ = {
			isa = PBXHeadersBuildPhase;
			buildActionMask = 2147483647;
			files = (
				C546B2501F3843C0003C5B7E /* MPDConnector_iOS.h in Headers */,
			);
			runOnlyForDeploymentPostprocessing = 0;
		};
		C546B1561F37AAA9003C5B7E /* Headers */ = {
			isa = PBXHeadersBuildPhase;
			buildActionMask = 2147483647;
			files = (
				C546B15D1F37AAA9003C5B7E /* MPDConnector_MacOS.h in Headers */,
			);
			runOnlyForDeploymentPostprocessing = 0;
		};
		C546B1E61F37AFF9003C5B7E /* Headers */ = {
			isa = PBXHeadersBuildPhase;
			buildActionMask = 2147483647;
			files = (
				C546B1ED1F37AFF9003C5B7E /* MPDConnector_tvOS.h in Headers */,
			);
			runOnlyForDeploymentPostprocessing = 0;
		};
/* End PBXHeadersBuildPhase section */

/* Begin PBXNativeTarget section */
		C546AF3B1F35A824003C5B7E /* MPDConnector_iOS */ = {
			isa = PBXNativeTarget;
			buildConfigurationList = C546AF501F35A825003C5B7E /* Build configuration list for PBXNativeTarget "MPDConnector_iOS" */;
			buildPhases = (
				E05117A785E93199679150BC /* [CP] Check Pods Manifest.lock */,
				C546AF371F35A824003C5B7E /* Sources */,
				C546AF381F35A824003C5B7E /* Frameworks */,
				C546AF391F35A824003C5B7E /* Headers */,
				C546AF3A1F35A824003C5B7E /* Resources */,
			);
			buildRules = (
			);
			dependencies = (
			);
			name = MPDConnector_iOS;
			packageProductDependencies = (
				C5C6CB5823B5FF3800767B41 /* libmpdclient */,
			);
			productName = MPDConnector;
			productReference = C5C6CB4A23B5F0DD00767B41 /* MPDConnector.framework */;
			productType = "com.apple.product-type.framework";
		};
		C546B1581F37AAA9003C5B7E /* MPDConnector_MacOS */ = {
			isa = PBXNativeTarget;
			buildConfigurationList = C546B1611F37AAA9003C5B7E /* Build configuration list for PBXNativeTarget "MPDConnector_MacOS" */;
			buildPhases = (
				F798ABBB2D366D1319B26693 /* [CP] Check Pods Manifest.lock */,
				C546B1541F37AAA9003C5B7E /* Sources */,
				C546B1551F37AAA9003C5B7E /* Frameworks */,
				C546B1561F37AAA9003C5B7E /* Headers */,
				C546B1571F37AAA9003C5B7E /* Resources */,
			);
			buildRules = (
			);
			dependencies = (
			);
			name = MPDConnector_MacOS;
			productName = MPDConnector_Mac;
			productReference = C5C6CB4B23B5F0DD00767B41 /* MPDConnector.framework */;
			productType = "com.apple.product-type.framework";
		};
		C546B1E81F37AFF9003C5B7E /* MPDConnector_tvOS */ = {
			isa = PBXNativeTarget;
			buildConfigurationList = C546B1EE1F37AFF9003C5B7E /* Build configuration list for PBXNativeTarget "MPDConnector_tvOS" */;
			buildPhases = (
				24D3BD68E0072F43ED405ECF /* [CP] Check Pods Manifest.lock */,
				C546B1E41F37AFF9003C5B7E /* Sources */,
				C546B1E51F37AFF9003C5B7E /* Frameworks */,
				C546B1E61F37AFF9003C5B7E /* Headers */,
				C546B1E71F37AFF9003C5B7E /* Resources */,
			);
			buildRules = (
			);
			dependencies = (
			);
			name = MPDConnector_tvOS;
			productName = MPDConnector_tvOS;
			productReference = C5C6CB4C23B5F0DD00767B41 /* MPDConnector.framework */;
			productType = "com.apple.product-type.framework";
		};
		C546B2771F3B0A8E003C5B7E /* MPDConnectorTests */ = {
			isa = PBXNativeTarget;
			buildConfigurationList = C546B2801F3B0A8E003C5B7E /* Build configuration list for PBXNativeTarget "MPDConnectorTests" */;
			buildPhases = (
				F36AFF779731754CE45E39E2 /* [CP] Check Pods Manifest.lock */,
				C546B2741F3B0A8E003C5B7E /* Sources */,
				C546B2751F3B0A8E003C5B7E /* Frameworks */,
				C546B2761F3B0A8E003C5B7E /* Resources */,
				DDDB798FF75F5923E580C7F6 /* [CP] Embed Pods Frameworks */,
			);
			buildRules = (
			);
			dependencies = (
				C578C47623B6216400AEA897 /* PBXTargetDependency */,
				C546B27F1F3B0A8E003C5B7E /* PBXTargetDependency */,
			);
			name = MPDConnectorTests;
			packageProductDependencies = (
				C578C47B23B6217500AEA897 /* libmpdclient */,
			);
			productName = MPDConnectorTests;
			productReference = C5C6CB4D23B5F0DD00767B41 /* MPDConnectorTests.xctest */;
			productType = "com.apple.product-type.bundle.unit-test";
		};
/* End PBXNativeTarget section */

/* Begin PBXProject section */
		C546AF331F35A824003C5B7E /* Project object */ = {
			isa = PBXProject;
			attributes = {
				LastSwiftUpdateCheck = 0830;
				LastUpgradeCheck = 1020;
				ORGANIZATIONNAME = "Kaotemba Software";
				TargetAttributes = {
					C546AF3B1F35A824003C5B7E = {
						CreatedOnToolsVersion = 8.3.3;
						DevelopmentTeam = N7DKJ3YJS4;
						LastSwiftMigration = 1010;
						ProvisioningStyle = Automatic;
					};
					C546B1581F37AAA9003C5B7E = {
						CreatedOnToolsVersion = 8.3.3;
						DevelopmentTeam = N7DKJ3YJS4;
						ProvisioningStyle = Automatic;
					};
					C546B1E81F37AFF9003C5B7E = {
						CreatedOnToolsVersion = 8.3.3;
						DevelopmentTeam = N7DKJ3YJS4;
						ProvisioningStyle = Automatic;
					};
					C546B2771F3B0A8E003C5B7E = {
						CreatedOnToolsVersion = 8.3.3;
						DevelopmentTeam = N7DKJ3YJS4;
						LastSwiftMigration = 0920;
						ProvisioningStyle = Automatic;
					};
				};
			};
			buildConfigurationList = C546AF361F35A824003C5B7E /* Build configuration list for PBXProject "MPDConnector" */;
			compatibilityVersion = "Xcode 3.2";
			developmentRegion = en;
			hasScannedForEncodings = 0;
			knownRegions = (
				en,
				Base,
			);
			mainGroup = C546AF321F35A824003C5B7E;
			packageReferences = (
				C5C6CB5723B5FF3800767B41 /* XCRemoteSwiftPackageReference "libmpdclient-swift" */,
			);
			productRefGroup = C546AF321F35A824003C5B7E;
			projectDirPath = "";
			projectReferences = (
				{
					ProductGroup = C546B0741F37406B003C5B7E /* Products */;
					ProjectRef = C546B0731F37406B003C5B7E /* ConnectorProtocol.xcodeproj */;
				},
			);
			projectRoot = "";
			targets = (
				C546AF3B1F35A824003C5B7E /* MPDConnector_iOS */,
				C546B1581F37AAA9003C5B7E /* MPDConnector_MacOS */,
				C546B1E81F37AFF9003C5B7E /* MPDConnector_tvOS */,
				C546B2771F3B0A8E003C5B7E /* MPDConnectorTests */,
			);
		};
/* End PBXProject section */

/* Begin PBXReferenceProxy section */
		C546B0781F37406B003C5B7E /* ConnectorProtocol.framework */ = {
			isa = PBXReferenceProxy;
			fileType = wrapper.framework;
			path = ConnectorProtocol.framework;
			remoteRef = C546B0771F37406B003C5B7E /* PBXContainerItemProxy */;
			sourceTree = BUILT_PRODUCTS_DIR;
		};
		C546B1601F37AAA9003C5B7E /* ConnectorProtocol.framework */ = {
			isa = PBXReferenceProxy;
			fileType = wrapper.framework;
			path = ConnectorProtocol.framework;
			remoteRef = C546B15F1F37AAA9003C5B7E /* PBXContainerItemProxy */;
			sourceTree = BUILT_PRODUCTS_DIR;
		};
		C546B1E31F37AFE0003C5B7E /* ConnectorProtocol.framework */ = {
			isa = PBXReferenceProxy;
			fileType = wrapper.framework;
			path = ConnectorProtocol.framework;
			remoteRef = C546B1E21F37AFE0003C5B7E /* PBXContainerItemProxy */;
			sourceTree = BUILT_PRODUCTS_DIR;
		};
		C546B2711F3B0306003C5B7E /* ConnectorProtocolTests.xctest */ = {
			isa = PBXReferenceProxy;
			fileType = wrapper.cfbundle;
			path = ConnectorProtocolTests.xctest;
			remoteRef = C546B2701F3B0306003C5B7E /* PBXContainerItemProxy */;
			sourceTree = BUILT_PRODUCTS_DIR;
		};
/* End PBXReferenceProxy section */

/* Begin PBXResourcesBuildPhase section */
		C546AF3A1F35A824003C5B7E /* Resources */ = {
			isa = PBXResourcesBuildPhase;
			buildActionMask = 2147483647;
			files = (
			);
			runOnlyForDeploymentPostprocessing = 0;
		};
		C546B1571F37AAA9003C5B7E /* Resources */ = {
			isa = PBXResourcesBuildPhase;
			buildActionMask = 2147483647;
			files = (
			);
			runOnlyForDeploymentPostprocessing = 0;
		};
		C546B1E71F37AFF9003C5B7E /* Resources */ = {
			isa = PBXResourcesBuildPhase;
			buildActionMask = 2147483647;
			files = (
			);
			runOnlyForDeploymentPostprocessing = 0;
		};
		C546B2761F3B0A8E003C5B7E /* Resources */ = {
			isa = PBXResourcesBuildPhase;
			buildActionMask = 2147483647;
			files = (
			);
			runOnlyForDeploymentPostprocessing = 0;
		};
/* End PBXResourcesBuildPhase section */

/* Begin PBXShellScriptBuildPhase section */
		24D3BD68E0072F43ED405ECF /* [CP] Check Pods Manifest.lock */ = {
			isa = PBXShellScriptBuildPhase;
			buildActionMask = 2147483647;
			files = (
			);
			inputPaths = (
				"${PODS_PODFILE_DIR_PATH}/Podfile.lock",
				"${PODS_ROOT}/Manifest.lock",
			);
			name = "[CP] Check Pods Manifest.lock";
			outputPaths = (
				"$(DERIVED_FILE_DIR)/Pods-MPDConnector_tvOS-checkManifestLockResult.txt",
			);
			runOnlyForDeploymentPostprocessing = 0;
			shellPath = /bin/sh;
			shellScript = "diff \"${PODS_PODFILE_DIR_PATH}/Podfile.lock\" \"${PODS_ROOT}/Manifest.lock\" > /dev/null\nif [ $? != 0 ] ; then\n    # print error to STDERR\n    echo \"error: The sandbox is not in sync with the Podfile.lock. Run 'pod install' or update your CocoaPods installation.\" >&2\n    exit 1\nfi\n# This output is used by Xcode 'outputs' to avoid re-running this script phase.\necho \"SUCCESS\" > \"${SCRIPT_OUTPUT_FILE_0}\"\n";
			showEnvVarsInLog = 0;
		};
		DDDB798FF75F5923E580C7F6 /* [CP] Embed Pods Frameworks */ = {
			isa = PBXShellScriptBuildPhase;
			buildActionMask = 2147483647;
			files = (
			);
			inputPaths = (
				"${PODS_ROOT}/Target Support Files/Pods-MPDConnectorTests/Pods-MPDConnectorTests-frameworks.sh",
				"${BUILT_PRODUCTS_DIR}/RxCocoa/RxCocoa.framework",
				"${BUILT_PRODUCTS_DIR}/RxRelay/RxRelay.framework",
				"${BUILT_PRODUCTS_DIR}/RxSwift/RxSwift.framework",
				"${BUILT_PRODUCTS_DIR}/SWXMLHash/SWXMLHash.framework",
				"${BUILT_PRODUCTS_DIR}/RxSwiftExt/RxSwiftExt.framework",
				"${BUILT_PRODUCTS_DIR}/RxBlocking/RxBlocking.framework",
				"${BUILT_PRODUCTS_DIR}/RxTest/RxTest.framework",
				"${BUILT_PRODUCTS_DIR}/RxNetService/RxNetService.framework",
			);
			name = "[CP] Embed Pods Frameworks";
			outputPaths = (
				"${TARGET_BUILD_DIR}/${FRAMEWORKS_FOLDER_PATH}/RxCocoa.framework",
				"${TARGET_BUILD_DIR}/${FRAMEWORKS_FOLDER_PATH}/RxRelay.framework",
				"${TARGET_BUILD_DIR}/${FRAMEWORKS_FOLDER_PATH}/RxSwift.framework",
				"${TARGET_BUILD_DIR}/${FRAMEWORKS_FOLDER_PATH}/SWXMLHash.framework",
				"${TARGET_BUILD_DIR}/${FRAMEWORKS_FOLDER_PATH}/RxSwiftExt.framework",
				"${TARGET_BUILD_DIR}/${FRAMEWORKS_FOLDER_PATH}/RxBlocking.framework",
				"${TARGET_BUILD_DIR}/${FRAMEWORKS_FOLDER_PATH}/RxTest.framework",
				"${TARGET_BUILD_DIR}/${FRAMEWORKS_FOLDER_PATH}/RxNetService.framework",
			);
			runOnlyForDeploymentPostprocessing = 0;
			shellPath = /bin/sh;
			shellScript = "\"${PODS_ROOT}/Target Support Files/Pods-MPDConnectorTests/Pods-MPDConnectorTests-frameworks.sh\"\n";
			showEnvVarsInLog = 0;
		};
		E05117A785E93199679150BC /* [CP] Check Pods Manifest.lock */ = {
			isa = PBXShellScriptBuildPhase;
			buildActionMask = 2147483647;
			files = (
			);
			inputPaths = (
				"${PODS_PODFILE_DIR_PATH}/Podfile.lock",
				"${PODS_ROOT}/Manifest.lock",
			);
			name = "[CP] Check Pods Manifest.lock";
			outputPaths = (
				"$(DERIVED_FILE_DIR)/Pods-MPDConnector_iOS-checkManifestLockResult.txt",
			);
			runOnlyForDeploymentPostprocessing = 0;
			shellPath = /bin/sh;
			shellScript = "diff \"${PODS_PODFILE_DIR_PATH}/Podfile.lock\" \"${PODS_ROOT}/Manifest.lock\" > /dev/null\nif [ $? != 0 ] ; then\n    # print error to STDERR\n    echo \"error: The sandbox is not in sync with the Podfile.lock. Run 'pod install' or update your CocoaPods installation.\" >&2\n    exit 1\nfi\n# This output is used by Xcode 'outputs' to avoid re-running this script phase.\necho \"SUCCESS\" > \"${SCRIPT_OUTPUT_FILE_0}\"\n";
			showEnvVarsInLog = 0;
		};
		F36AFF779731754CE45E39E2 /* [CP] Check Pods Manifest.lock */ = {
			isa = PBXShellScriptBuildPhase;
			buildActionMask = 2147483647;
			files = (
			);
			inputPaths = (
				"${PODS_PODFILE_DIR_PATH}/Podfile.lock",
				"${PODS_ROOT}/Manifest.lock",
			);
			name = "[CP] Check Pods Manifest.lock";
			outputPaths = (
				"$(DERIVED_FILE_DIR)/Pods-MPDConnectorTests-checkManifestLockResult.txt",
			);
			runOnlyForDeploymentPostprocessing = 0;
			shellPath = /bin/sh;
			shellScript = "diff \"${PODS_PODFILE_DIR_PATH}/Podfile.lock\" \"${PODS_ROOT}/Manifest.lock\" > /dev/null\nif [ $? != 0 ] ; then\n    # print error to STDERR\n    echo \"error: The sandbox is not in sync with the Podfile.lock. Run 'pod install' or update your CocoaPods installation.\" >&2\n    exit 1\nfi\n# This output is used by Xcode 'outputs' to avoid re-running this script phase.\necho \"SUCCESS\" > \"${SCRIPT_OUTPUT_FILE_0}\"\n";
			showEnvVarsInLog = 0;
		};
		F798ABBB2D366D1319B26693 /* [CP] Check Pods Manifest.lock */ = {
			isa = PBXShellScriptBuildPhase;
			buildActionMask = 2147483647;
			files = (
			);
			inputPaths = (
				"${PODS_PODFILE_DIR_PATH}/Podfile.lock",
				"${PODS_ROOT}/Manifest.lock",
			);
			name = "[CP] Check Pods Manifest.lock";
			outputPaths = (
				"$(DERIVED_FILE_DIR)/Pods-MPDConnector_MacOS-checkManifestLockResult.txt",
			);
			runOnlyForDeploymentPostprocessing = 0;
			shellPath = /bin/sh;
			shellScript = "diff \"${PODS_PODFILE_DIR_PATH}/Podfile.lock\" \"${PODS_ROOT}/Manifest.lock\" > /dev/null\nif [ $? != 0 ] ; then\n    # print error to STDERR\n    echo \"error: The sandbox is not in sync with the Podfile.lock. Run 'pod install' or update your CocoaPods installation.\" >&2\n    exit 1\nfi\n# This output is used by Xcode 'outputs' to avoid re-running this script phase.\necho \"SUCCESS\" > \"${SCRIPT_OUTPUT_FILE_0}\"\n";
			showEnvVarsInLog = 0;
		};
/* End PBXShellScriptBuildPhase section */

/* Begin PBXSourcesBuildPhase section */
		C546AF371F35A824003C5B7E /* Sources */ = {
			isa = PBXSourcesBuildPhase;
			buildActionMask = 2147483647;
			files = (
				C5C9F7F82042B6B900D239A8 /* MPDArtistBrowseViewModel.swift in Sources */,
				C54AFF92204C585600CCAE3B /* MPDSongBrowseViewModel.swift in Sources */,
				C546AF9F1F35EE5D003C5B7E /* MPDPlayer.swift in Sources */,
				C5F569451F7FC7CA00D53500 /* MPDBrowse.swift in Sources */,
				C5FEE8E72098EC25001A811A /* MPDFolderBrowseViewModel.swift in Sources */,
				C554CB391F7AD2B800B83403 /* MPDPlayerBrowser.swift in Sources */,
				C546B2731F3B042A003C5B7E /* MPDWrapper.swift in Sources */,
				C548EF411FFCDCC500FBE535 /* MPDStatus.swift in Sources */,
				C585B3661F519A5D00D7B784 /* MPDControl.swift in Sources */,
				C55D1CB32061934700ACAC86 /* MPDGenreBrowseViewModel.swift in Sources */,
				C5C6830D21F1097100D2F8E7 /* MPDAlbumSectionBrowseViewModel.swift in Sources */,
				C5883B45203CA8FF002CE8CF /* MPDAlbumBrowseViewModel.swift in Sources */,
				C548EF431FFCE21900FBE535 /* MPDHelper.swift in Sources */,
				C546B26E1F3B0305003C5B7E /* MPDProtocol.swift in Sources */,
				C54AFF80204BF5B300CCAE3B /* MPDPlaylistBrowseViewModel.swift in Sources */,
			);
			runOnlyForDeploymentPostprocessing = 0;
		};
		C546B1541F37AAA9003C5B7E /* Sources */ = {
			isa = PBXSourcesBuildPhase;
			buildActionMask = 2147483647;
			files = (
				C546B1BE1F37AB32003C5B7E /* MPDPlayer.swift in Sources */,
			);
			runOnlyForDeploymentPostprocessing = 0;
		};
		C546B1E41F37AFF9003C5B7E /* Sources */ = {
			isa = PBXSourcesBuildPhase;
			buildActionMask = 2147483647;
			files = (
				C546B1F11F37B103003C5B7E /* MPDPlayer.swift in Sources */,
			);
			runOnlyForDeploymentPostprocessing = 0;
		};
		C546B2741F3B0A8E003C5B7E /* Sources */ = {
			isa = PBXSourcesBuildPhase;
			buildActionMask = 2147483647;
			files = (
				C548EF4F1FFE36A200FBE535 /* MPDStatusTests.swift in Sources */,
				C5B7CD96203772E600C087ED /* MPDBrowseTests.swift in Sources */,
				C548EF4D1FFE352800FBE535 /* MPDPlayerTests.swift in Sources */,
				C546B2861F3B6CCB003C5B7E /* MPDWrapperMock.swift in Sources */,
				C5944E8020167C8500C5F9AA /* MPDControlTests.swift in Sources */,
				C546B2BD1F3C34BE003C5B7E /* MockBase.swift in Sources */,
				C548EF451FFE22A700FBE535 /* MPDHelperTests.swift in Sources */,
			);
			runOnlyForDeploymentPostprocessing = 0;
		};
/* End PBXSourcesBuildPhase section */

/* Begin PBXTargetDependency section */
		C546B27F1F3B0A8E003C5B7E /* PBXTargetDependency */ = {
			isa = PBXTargetDependency;
			target = C546AF3B1F35A824003C5B7E /* MPDConnector_iOS */;
			targetProxy = C546B27E1F3B0A8E003C5B7E /* PBXContainerItemProxy */;
		};
		C578C47623B6216400AEA897 /* PBXTargetDependency */ = {
			isa = PBXTargetDependency;
			productRef = C578C47523B6216400AEA897 /* libmpdclient */;
		};
/* End PBXTargetDependency section */

/* Begin XCBuildConfiguration section */
		C546AF4E1F35A825003C5B7E /* Debug */ = {
			isa = XCBuildConfiguration;
			buildSettings = {
				ALWAYS_SEARCH_USER_PATHS = NO;
				CLANG_ANALYZER_LOCALIZABILITY_NONLOCALIZED = YES;
				CLANG_ANALYZER_NONNULL = YES;
				CLANG_ANALYZER_NUMBER_OBJECT_CONVERSION = YES_AGGRESSIVE;
				CLANG_CXX_LANGUAGE_STANDARD = "gnu++0x";
				CLANG_CXX_LIBRARY = "libc++";
				CLANG_ENABLE_MODULES = YES;
				CLANG_ENABLE_OBJC_ARC = YES;
				CLANG_WARN_BLOCK_CAPTURE_AUTORELEASING = YES;
				CLANG_WARN_BOOL_CONVERSION = YES;
				CLANG_WARN_COMMA = YES;
				CLANG_WARN_CONSTANT_CONVERSION = YES;
				CLANG_WARN_DEPRECATED_OBJC_IMPLEMENTATIONS = YES;
				CLANG_WARN_DIRECT_OBJC_ISA_USAGE = YES_ERROR;
				CLANG_WARN_DOCUMENTATION_COMMENTS = YES;
				CLANG_WARN_EMPTY_BODY = YES;
				CLANG_WARN_ENUM_CONVERSION = YES;
				CLANG_WARN_INFINITE_RECURSION = YES;
				CLANG_WARN_INT_CONVERSION = YES;
				CLANG_WARN_NON_LITERAL_NULL_CONVERSION = YES;
				CLANG_WARN_OBJC_IMPLICIT_RETAIN_SELF = YES;
				CLANG_WARN_OBJC_LITERAL_CONVERSION = YES;
				CLANG_WARN_OBJC_ROOT_CLASS = YES_ERROR;
				CLANG_WARN_RANGE_LOOP_ANALYSIS = YES;
				CLANG_WARN_STRICT_PROTOTYPES = YES;
				CLANG_WARN_SUSPICIOUS_MOVE = YES;
				CLANG_WARN_UNREACHABLE_CODE = YES;
				CLANG_WARN__DUPLICATE_METHOD_MATCH = YES;
				"CODE_SIGN_IDENTITY[sdk=iphoneos*]" = "iPhone Developer";
				COPY_PHASE_STRIP = NO;
				CURRENT_PROJECT_VERSION = 1;
				DEBUG_INFORMATION_FORMAT = dwarf;
				ENABLE_STRICT_OBJC_MSGSEND = YES;
				ENABLE_TESTABILITY = YES;
				GCC_C_LANGUAGE_STANDARD = gnu99;
				GCC_DYNAMIC_NO_PIC = NO;
				GCC_NO_COMMON_BLOCKS = YES;
				GCC_OPTIMIZATION_LEVEL = 0;
				GCC_PREPROCESSOR_DEFINITIONS = (
					"DEBUG=1",
					"$(inherited)",
					"HAVE_GETADDRINFO=1",
				);
				GCC_WARN_64_TO_32_BIT_CONVERSION = YES;
				GCC_WARN_ABOUT_RETURN_TYPE = YES_ERROR;
				GCC_WARN_UNDECLARED_SELECTOR = YES;
				GCC_WARN_UNINITIALIZED_AUTOS = YES_AGGRESSIVE;
				GCC_WARN_UNUSED_FUNCTION = YES;
				GCC_WARN_UNUSED_VARIABLE = YES;
				IPHONEOS_DEPLOYMENT_TARGET = 10.3;
				MTL_ENABLE_DEBUG_INFO = YES;
				ONLY_ACTIVE_ARCH = YES;
				SDKROOT = iphoneos;
				SWIFT_ACTIVE_COMPILATION_CONDITIONS = DEBUG;
				SWIFT_OPTIMIZATION_LEVEL = "-Onone";
				SWIFT_VERSION = 5.0;
				TARGETED_DEVICE_FAMILY = "1,2";
				VERSIONING_SYSTEM = "apple-generic";
				VERSION_INFO_PREFIX = "";
			};
			name = Debug;
		};
		C546AF4F1F35A825003C5B7E /* Release */ = {
			isa = XCBuildConfiguration;
			buildSettings = {
				ALWAYS_SEARCH_USER_PATHS = NO;
				CLANG_ANALYZER_LOCALIZABILITY_NONLOCALIZED = YES;
				CLANG_ANALYZER_NONNULL = YES;
				CLANG_ANALYZER_NUMBER_OBJECT_CONVERSION = YES_AGGRESSIVE;
				CLANG_CXX_LANGUAGE_STANDARD = "gnu++0x";
				CLANG_CXX_LIBRARY = "libc++";
				CLANG_ENABLE_MODULES = YES;
				CLANG_ENABLE_OBJC_ARC = YES;
				CLANG_WARN_BLOCK_CAPTURE_AUTORELEASING = YES;
				CLANG_WARN_BOOL_CONVERSION = YES;
				CLANG_WARN_COMMA = YES;
				CLANG_WARN_CONSTANT_CONVERSION = YES;
				CLANG_WARN_DEPRECATED_OBJC_IMPLEMENTATIONS = YES;
				CLANG_WARN_DIRECT_OBJC_ISA_USAGE = YES_ERROR;
				CLANG_WARN_DOCUMENTATION_COMMENTS = YES;
				CLANG_WARN_EMPTY_BODY = YES;
				CLANG_WARN_ENUM_CONVERSION = YES;
				CLANG_WARN_INFINITE_RECURSION = YES;
				CLANG_WARN_INT_CONVERSION = YES;
				CLANG_WARN_NON_LITERAL_NULL_CONVERSION = YES;
				CLANG_WARN_OBJC_IMPLICIT_RETAIN_SELF = YES;
				CLANG_WARN_OBJC_LITERAL_CONVERSION = YES;
				CLANG_WARN_OBJC_ROOT_CLASS = YES_ERROR;
				CLANG_WARN_RANGE_LOOP_ANALYSIS = YES;
				CLANG_WARN_STRICT_PROTOTYPES = YES;
				CLANG_WARN_SUSPICIOUS_MOVE = YES;
				CLANG_WARN_UNREACHABLE_CODE = YES;
				CLANG_WARN__DUPLICATE_METHOD_MATCH = YES;
				"CODE_SIGN_IDENTITY[sdk=iphoneos*]" = "iPhone Developer";
				COPY_PHASE_STRIP = NO;
				CURRENT_PROJECT_VERSION = 1;
				DEBUG_INFORMATION_FORMAT = "dwarf-with-dsym";
				ENABLE_NS_ASSERTIONS = NO;
				ENABLE_STRICT_OBJC_MSGSEND = YES;
				GCC_C_LANGUAGE_STANDARD = gnu99;
				GCC_NO_COMMON_BLOCKS = YES;
				GCC_PREPROCESSOR_DEFINITIONS = "HAVE_GETADDRINFO=1";
				GCC_WARN_64_TO_32_BIT_CONVERSION = YES;
				GCC_WARN_ABOUT_RETURN_TYPE = YES_ERROR;
				GCC_WARN_UNDECLARED_SELECTOR = YES;
				GCC_WARN_UNINITIALIZED_AUTOS = YES_AGGRESSIVE;
				GCC_WARN_UNUSED_FUNCTION = YES;
				GCC_WARN_UNUSED_VARIABLE = YES;
				IPHONEOS_DEPLOYMENT_TARGET = 10.3;
				MTL_ENABLE_DEBUG_INFO = NO;
				SDKROOT = iphoneos;
				SWIFT_COMPILATION_MODE = wholemodule;
				SWIFT_OPTIMIZATION_LEVEL = "-O";
				SWIFT_VERSION = 5.0;
				TARGETED_DEVICE_FAMILY = "1,2";
				VALIDATE_PRODUCT = YES;
				VERSIONING_SYSTEM = "apple-generic";
				VERSION_INFO_PREFIX = "";
			};
			name = Release;
		};
		C546AF511F35A825003C5B7E /* Debug */ = {
			isa = XCBuildConfiguration;
			baseConfigurationReference = 0409112EE6242F4BC7359D6B /* Pods-MPDConnector_iOS.debug.xcconfig */;
			buildSettings = {
				APPLICATION_EXTENSION_API_ONLY = YES;
				CLANG_ENABLE_MODULES = YES;
				CODE_SIGN_IDENTITY = "";
				DEFINES_MODULE = YES;
				DEVELOPMENT_TEAM = N7DKJ3YJS4;
				DYLIB_COMPATIBILITY_VERSION = 1;
				DYLIB_CURRENT_VERSION = 1;
				DYLIB_INSTALL_NAME_BASE = "@rpath";
				FRAMEWORK_SEARCH_PATHS = "$(inherited)";
				HEADER_SEARCH_PATHS = "$(inherited)";
				INFOPLIST_FILE = MPDConnector_iOS/Info.plist;
				INSTALL_PATH = "$(LOCAL_LIBRARY_DIR)/Frameworks";
				LD_RUNPATH_SEARCH_PATHS = (
					"$(inherited)",
					"@executable_path/Frameworks",
					"@loader_path/Frameworks",
				);
				LIBRARY_SEARCH_PATHS = "";
				OTHER_CFLAGS = (
					"-DDEFAULT_HOST=\\\"localhost\\\"",
					"-DDEFAULT_PORT=6600",
					"-DENABLE_TCP=1",
					"$(inherited)",
				);
				PRODUCT_BUNDLE_IDENTIFIER = "com.katoemba.MPDConnector-iOS";
				PRODUCT_NAME = MPDConnector;
				SKIP_INSTALL = YES;
				SWIFT_OPTIMIZATION_LEVEL = "-Onone";
				SWIFT_VERSION = 5.0;
			};
			name = Debug;
		};
		C546AF521F35A825003C5B7E /* Release */ = {
			isa = XCBuildConfiguration;
			baseConfigurationReference = 6E7C3B0B04EC7A52583DE00E /* Pods-MPDConnector_iOS.release.xcconfig */;
			buildSettings = {
				APPLICATION_EXTENSION_API_ONLY = YES;
				CLANG_ENABLE_MODULES = YES;
				CODE_SIGN_IDENTITY = "";
				DEFINES_MODULE = YES;
				DEVELOPMENT_TEAM = N7DKJ3YJS4;
				DYLIB_COMPATIBILITY_VERSION = 1;
				DYLIB_CURRENT_VERSION = 1;
				DYLIB_INSTALL_NAME_BASE = "@rpath";
				FRAMEWORK_SEARCH_PATHS = "$(inherited)";
				HEADER_SEARCH_PATHS = "$(inherited)";
				INFOPLIST_FILE = MPDConnector_iOS/Info.plist;
				INSTALL_PATH = "$(LOCAL_LIBRARY_DIR)/Frameworks";
				LD_RUNPATH_SEARCH_PATHS = (
					"$(inherited)",
					"@executable_path/Frameworks",
					"@loader_path/Frameworks",
				);
				LIBRARY_SEARCH_PATHS = "";
				OTHER_CFLAGS = (
					"-DDEFAULT_HOST=\\\"localhost\\\"",
					"-DDEFAULT_PORT=6600",
					"-DENABLE_TCP=1",
					"$(inherited)",
				);
				PRODUCT_BUNDLE_IDENTIFIER = "com.katoemba.MPDConnector-iOS";
				PRODUCT_NAME = MPDConnector;
				SKIP_INSTALL = YES;
				SWIFT_VERSION = 5.0;
			};
			name = Release;
		};
		C546B1621F37AAA9003C5B7E /* Debug */ = {
			isa = XCBuildConfiguration;
			baseConfigurationReference = B998B96EBFCB040EB2B230E7 /* Pods-MPDConnector_MacOS.debug.xcconfig */;
			buildSettings = {
				CODE_SIGN_IDENTITY = "-";
				COMBINE_HIDPI_IMAGES = YES;
				DEFINES_MODULE = YES;
				DEVELOPMENT_TEAM = N7DKJ3YJS4;
				DYLIB_COMPATIBILITY_VERSION = 1;
				DYLIB_CURRENT_VERSION = 1;
				DYLIB_INSTALL_NAME_BASE = "@rpath";
				FRAMEWORK_SEARCH_PATHS = "$(inherited)";
				FRAMEWORK_VERSION = A;
				HEADER_SEARCH_PATHS = "$(inherited)";
				INFOPLIST_FILE = MPDConnector_MacOS/Info.plist;
				INSTALL_PATH = "$(LOCAL_LIBRARY_DIR)/Frameworks";
				LD_RUNPATH_SEARCH_PATHS = (
					"$(inherited)",
					"@executable_path/../Frameworks",
					"@loader_path/Frameworks",
				);
				MACOSX_DEPLOYMENT_TARGET = 10.12;
				OTHER_CFLAGS = (
					"-DDEFAULT_HOST=\\\"localhost\\\"",
					"-DDEFAULT_PORT=6600",
					"-DENABLE_TCP=1",
					"$(inherited)",
				);
				PRODUCT_BUNDLE_IDENTIFIER = "com.katoemba.MPDConnector-MacOS";
				PRODUCT_NAME = MPDConnector;
				SDKROOT = macosx;
				SKIP_INSTALL = YES;
				SWIFT_VERSION = 5.0;
			};
			name = Debug;
		};
		C546B1631F37AAA9003C5B7E /* Release */ = {
			isa = XCBuildConfiguration;
			baseConfigurationReference = C7EBF2A40657AFA03D86BD74 /* Pods-MPDConnector_MacOS.release.xcconfig */;
			buildSettings = {
				CODE_SIGN_IDENTITY = "-";
				COMBINE_HIDPI_IMAGES = YES;
				DEFINES_MODULE = YES;
				DEVELOPMENT_TEAM = N7DKJ3YJS4;
				DYLIB_COMPATIBILITY_VERSION = 1;
				DYLIB_CURRENT_VERSION = 1;
				DYLIB_INSTALL_NAME_BASE = "@rpath";
				FRAMEWORK_SEARCH_PATHS = "$(inherited)";
				FRAMEWORK_VERSION = A;
				HEADER_SEARCH_PATHS = "$(inherited)";
				INFOPLIST_FILE = MPDConnector_MacOS/Info.plist;
				INSTALL_PATH = "$(LOCAL_LIBRARY_DIR)/Frameworks";
				LD_RUNPATH_SEARCH_PATHS = (
					"$(inherited)",
					"@executable_path/../Frameworks",
					"@loader_path/Frameworks",
				);
				MACOSX_DEPLOYMENT_TARGET = 10.12;
				OTHER_CFLAGS = (
					"-DDEFAULT_HOST=\\\"localhost\\\"",
					"-DDEFAULT_PORT=6600",
					"-DENABLE_TCP=1",
					"$(inherited)",
				);
				PRODUCT_BUNDLE_IDENTIFIER = "com.katoemba.MPDConnector-MacOS";
				PRODUCT_NAME = MPDConnector;
				SDKROOT = macosx;
				SKIP_INSTALL = YES;
				SWIFT_VERSION = 5.0;
			};
			name = Release;
		};
		C546B1EF1F37AFF9003C5B7E /* Debug */ = {
			isa = XCBuildConfiguration;
			baseConfigurationReference = FC8E36039F8211E29E843D2B /* Pods-MPDConnector_tvOS.debug.xcconfig */;
			buildSettings = {
				CODE_SIGN_IDENTITY = "";
				DEFINES_MODULE = YES;
				DEVELOPMENT_TEAM = N7DKJ3YJS4;
				DYLIB_COMPATIBILITY_VERSION = 1;
				DYLIB_CURRENT_VERSION = 1;
				DYLIB_INSTALL_NAME_BASE = "@rpath";
				FRAMEWORK_SEARCH_PATHS = "$(inherited)";
				HEADER_SEARCH_PATHS = "$(inherited)";
				INFOPLIST_FILE = MPDConnector_tvOS/Info.plist;
				INSTALL_PATH = "$(LOCAL_LIBRARY_DIR)/Frameworks";
				LD_RUNPATH_SEARCH_PATHS = (
					"$(inherited)",
					"@executable_path/Frameworks",
					"@loader_path/Frameworks",
				);
				OTHER_CFLAGS = (
					"-DDEFAULT_HOST=\\\"localhost\\\"",
					"-DDEFAULT_PORT=6600",
					"-DENABLE_TCP=1",
					"$(inherited)",
				);
				PRODUCT_BUNDLE_IDENTIFIER = "com.katoemba.MPDConnector-tvOS";
				PRODUCT_NAME = MPDConnector;
				SDKROOT = appletvos;
				SKIP_INSTALL = YES;
				SWIFT_VERSION = 5.0;
				TARGETED_DEVICE_FAMILY = 3;
				TVOS_DEPLOYMENT_TARGET = 10.2;
			};
			name = Debug;
		};
		C546B1F01F37AFF9003C5B7E /* Release */ = {
			isa = XCBuildConfiguration;
			baseConfigurationReference = 38A616B865D53B50E4E0C963 /* Pods-MPDConnector_tvOS.release.xcconfig */;
			buildSettings = {
				CODE_SIGN_IDENTITY = "";
				DEFINES_MODULE = YES;
				DEVELOPMENT_TEAM = N7DKJ3YJS4;
				DYLIB_COMPATIBILITY_VERSION = 1;
				DYLIB_CURRENT_VERSION = 1;
				DYLIB_INSTALL_NAME_BASE = "@rpath";
				FRAMEWORK_SEARCH_PATHS = "$(inherited)";
				HEADER_SEARCH_PATHS = "$(inherited)";
				INFOPLIST_FILE = MPDConnector_tvOS/Info.plist;
				INSTALL_PATH = "$(LOCAL_LIBRARY_DIR)/Frameworks";
				LD_RUNPATH_SEARCH_PATHS = (
					"$(inherited)",
					"@executable_path/Frameworks",
					"@loader_path/Frameworks",
				);
				OTHER_CFLAGS = (
					"-DDEFAULT_HOST=\\\"localhost\\\"",
					"-DDEFAULT_PORT=6600",
					"-DENABLE_TCP=1",
					"$(inherited)",
				);
				PRODUCT_BUNDLE_IDENTIFIER = "com.katoemba.MPDConnector-tvOS";
				PRODUCT_NAME = MPDConnector;
				SDKROOT = appletvos;
				SKIP_INSTALL = YES;
				SWIFT_VERSION = 5.0;
				TARGETED_DEVICE_FAMILY = 3;
				TVOS_DEPLOYMENT_TARGET = 10.2;
			};
			name = Release;
		};
		C546B2811F3B0A8E003C5B7E /* Debug */ = {
			isa = XCBuildConfiguration;
			baseConfigurationReference = 90887A1A9319A04665C9863B /* Pods-MPDConnectorTests.debug.xcconfig */;
			buildSettings = {
				ALWAYS_EMBED_SWIFT_STANDARD_LIBRARIES = "${inherited}";
				DEVELOPMENT_TEAM = N7DKJ3YJS4;
				FRAMEWORK_SEARCH_PATHS = "$(inherited)";
				HEADER_SEARCH_PATHS = "$(inherited)";
				INFOPLIST_FILE = MPDConnectorTests/Info.plist;
				LD_RUNPATH_SEARCH_PATHS = (
					"$(inherited)",
					"@executable_path/Frameworks",
					"@loader_path/Frameworks",
				);
				PRODUCT_BUNDLE_IDENTIFIER = com.katoemba.MPDConnectorTests;
				PRODUCT_NAME = "$(TARGET_NAME)";
				SWIFT_SWIFT3_OBJC_INFERENCE = Default;
				SWIFT_VERSION = 5.0;
			};
			name = Debug;
		};
		C546B2821F3B0A8E003C5B7E /* Release */ = {
			isa = XCBuildConfiguration;
			baseConfigurationReference = BA20A4973F3D35D38F4AECF2 /* Pods-MPDConnectorTests.release.xcconfig */;
			buildSettings = {
				ALWAYS_EMBED_SWIFT_STANDARD_LIBRARIES = "${inherited}";
				DEVELOPMENT_TEAM = N7DKJ3YJS4;
				FRAMEWORK_SEARCH_PATHS = "$(inherited)";
				HEADER_SEARCH_PATHS = "$(inherited)";
				INFOPLIST_FILE = MPDConnectorTests/Info.plist;
				LD_RUNPATH_SEARCH_PATHS = (
					"$(inherited)",
					"@executable_path/Frameworks",
					"@loader_path/Frameworks",
				);
				PRODUCT_BUNDLE_IDENTIFIER = com.katoemba.MPDConnectorTests;
				PRODUCT_NAME = "$(TARGET_NAME)";
				SWIFT_SWIFT3_OBJC_INFERENCE = Default;
				SWIFT_VERSION = 5.0;
			};
			name = Release;
		};
/* End XCBuildConfiguration section */

/* Begin XCConfigurationList section */
		C546AF361F35A824003C5B7E /* Build configuration list for PBXProject "MPDConnector" */ = {
			isa = XCConfigurationList;
			buildConfigurations = (
				C546AF4E1F35A825003C5B7E /* Debug */,
				C546AF4F1F35A825003C5B7E /* Release */,
			);
			defaultConfigurationIsVisible = 0;
			defaultConfigurationName = Release;
		};
		C546AF501F35A825003C5B7E /* Build configuration list for PBXNativeTarget "MPDConnector_iOS" */ = {
			isa = XCConfigurationList;
			buildConfigurations = (
				C546AF511F35A825003C5B7E /* Debug */,
				C546AF521F35A825003C5B7E /* Release */,
			);
			defaultConfigurationIsVisible = 0;
			defaultConfigurationName = Release;
		};
		C546B1611F37AAA9003C5B7E /* Build configuration list for PBXNativeTarget "MPDConnector_MacOS" */ = {
			isa = XCConfigurationList;
			buildConfigurations = (
				C546B1621F37AAA9003C5B7E /* Debug */,
				C546B1631F37AAA9003C5B7E /* Release */,
			);
			defaultConfigurationIsVisible = 0;
			defaultConfigurationName = Release;
		};
		C546B1EE1F37AFF9003C5B7E /* Build configuration list for PBXNativeTarget "MPDConnector_tvOS" */ = {
			isa = XCConfigurationList;
			buildConfigurations = (
				C546B1EF1F37AFF9003C5B7E /* Debug */,
				C546B1F01F37AFF9003C5B7E /* Release */,
			);
			defaultConfigurationIsVisible = 0;
			defaultConfigurationName = Release;
		};
		C546B2801F3B0A8E003C5B7E /* Build configuration list for PBXNativeTarget "MPDConnectorTests" */ = {
			isa = XCConfigurationList;
			buildConfigurations = (
				C546B2811F3B0A8E003C5B7E /* Debug */,
				C546B2821F3B0A8E003C5B7E /* Release */,
			);
			defaultConfigurationIsVisible = 0;
			defaultConfigurationName = Release;
		};
/* End XCConfigurationList section */

/* Begin XCRemoteSwiftPackageReference section */
		C5C6CB5723B5FF3800767B41 /* XCRemoteSwiftPackageReference "libmpdclient-swift" */ = {
			isa = XCRemoteSwiftPackageReference;
			repositoryURL = "https://github.com/katoemba/libmpdclient-swift.git";
			requirement = {
				kind = upToNextMajorVersion;
				minimumVersion = 0.21.17;
			};
		};
/* End XCRemoteSwiftPackageReference section */

/* Begin XCSwiftPackageProductDependency section */
		C578C47523B6216400AEA897 /* libmpdclient */ = {
			isa = XCSwiftPackageProductDependency;
			package = C5C6CB5723B5FF3800767B41 /* XCRemoteSwiftPackageReference "libmpdclient-swift" */;
			productName = libmpdclient;
		};
		C578C47B23B6217500AEA897 /* libmpdclient */ = {
			isa = XCSwiftPackageProductDependency;
			package = C5C6CB5723B5FF3800767B41 /* XCRemoteSwiftPackageReference "libmpdclient-swift" */;
			productName = libmpdclient;
		};
		C5C6CB5823B5FF3800767B41 /* libmpdclient */ = {
			isa = XCSwiftPackageProductDependency;
			package = C5C6CB5723B5FF3800767B41 /* XCRemoteSwiftPackageReference "libmpdclient-swift" */;
			productName = libmpdclient;
		};
/* End XCSwiftPackageProductDependency section */
	};
	rootObject = C546AF331F35A824003C5B7E /* Project object */;
}
